
Microsoft Visual Studio Solution File, Format Version 12.00
# Visual Studio Version 17
VisualStudioVersion = 17.11.35327.3
MinimumVisualStudioVersion = 10.0.40219.1
Project("{FAE04EC0-301F-11D3-BF4B-00C04F79EFBC}") = "EvbStudio", "EvbStudio.csproj", "{52EB0FE1-3968-4F2B-A72C-E6D88A0723E3}"
EndProject
Global
	GlobalSection(SolutionConfigurationPlatforms) = preSolution
		Debug|Any CPU = Debug|Any CPU
		Release|Any CPU = Release|Any CPU
	EndGlobalSection
	GlobalSection(ProjectConfigurationPlatforms) = postSolution
		{52EB0FE1-3968-4F2B-A72C-E6D88A0723E3}.Debug|Any CPU.ActiveCfg = Debug|Any CPU
		{52EB0FE1-3968-4F2B-A72C-E6D88A0723E3}.Debug|Any CPU.Build.0 = Debug|Any CPU
		{52EB0FE1-3968-4F2B-A72C-E6D88A0723E3}.Release|Any CPU.ActiveCfg = Release|Any CPU
		{52EB0FE1-3968-4F2B-A72C-E6D88A0723E3}.Release|Any CPU.Build.0 = Release|Any CPU
	EndGlobalSection
	GlobalSection(SolutionProperties) = preSolution
		HideSolutionNode = FALSE
	EndGlobalSection
	GlobalSection(ExtensibilityGlobals) = postSolution
		SolutionGuid = {ABBB4DE6-7162-4B30-A764-6C65BE6F1D82}
	EndGlobalSection
EndGlobal
